
Microsoft Visual Studio Solution File, Format Version 12.00
# Visual Studio Version 17
VisualStudioVersion = 17.0.31903.59
MinimumVisualStudioVersion = 10.0.40219.1
Project("{2150E333-8FDC-42A3-9474-1A3956D46DE8}") = "src", "src", "{827E0CD3-B72D-47B6-A68D-7590B98EB39B}"
EndProject
Project("{2150E333-8FDC-42A3-9474-1A3956D46DE8}") = "backend", "backend", "{FE360695-3F2B-1049-3887-35FBB5135923}"
EndProject
Project("{FAE04EC0-301F-11D3-BF4B-00C04F79EFBC}") = "TaskManager.Domain", "src\backend\TaskManager.Domain\TaskManager.Domain.csproj", "{A6DC1E10-22CF-41E3-9268-E689268BD5EA}"
EndProject
Project("{FAE04EC0-301F-11D3-BF4B-00C04F79EFBC}") = "TaskManager.Application", "src\backend\TaskManager.Application\TaskManager.Application.csproj", "{5DC27FE5-10F9-4426-9A85-8C3FE5CA44D0}"
EndProject
Project("{FAE04EC0-301F-11D3-BF4B-00C04F79EFBC}") = "TaskManager.Infrastructure", "src\backend\TaskManager.Infrastructure\TaskManager.Infrastructure.csproj", "{2D35A21E-5849-494A-91FE-A2E0DFF0CCAB}"
EndProject
Project("{FAE04EC0-301F-11D3-BF4B-00C04F79EFBC}") = "TaskManager.Api", "src\backend\TaskManager.Api\TaskManager.Api.csproj", "{C28A59F9-B165-4987-9DF2-7712C2C378FD}"
EndProject
Project("{2150E333-8FDC-42A3-9474-1A3956D46DE8}") = "tests", "tests", "{0AB3BF05-4346-4AA6-1389-037BE0695223}"
EndProject
Project("{FAE04EC0-301F-11D3-BF4B-00C04F79EFBC}") = "TaskManager.Application.Tests", "tests\TaskManager.Application.Tests\TaskManager.Application.Tests.csproj", "{DCED11CE-BCEA-4758-8D84-3A0CC33DA496}"
EndProject
Project("{FAE04EC0-301F-11D3-BF4B-00C04F79EFBC}") = "TaskManager.Infrastructure.Tests", "tests\TaskManager.Infrastructure.Tests\TaskManager.Infrastructure.Tests.csproj", "{DE350582-3AA1-46F7-9B43-CFAED5E6508E}"
EndProject
Project("{FAE04EC0-301F-11D3-BF4B-00C04F79EFBC}") = "TaskManager.Api.Tests", "tests\TaskManager.Api.Tests\TaskManager.Api.Tests.csproj", "{19F22814-5528-4821-80D6-74710F3712DA}"
EndProject
Project("{FAE04EC0-301F-11D3-BF4B-00C04F79EFBC}") = "TaskManager.Auth.Api", "src\backend\TaskManager.Auth.Api\TaskManager.Auth.Api.csproj", "{933893BA-9717-44BE-9CDA-EA998065F008}"
EndProject
Project("{FAE04EC0-301F-11D3-BF4B-00C04F79EFBC}") = "TaskManager.Auth.Api.Tests", "tests\TaskManager.Auth.Api.Tests\TaskManager.Auth.Api.Tests.csproj", "{7ABC53C6-D71F-4C61-8E15-1328B2724F67}"
EndProject
Global
	GlobalSection(SolutionConfigurationPlatforms) = preSolution
		Debug|Any CPU = Debug|Any CPU
		Debug|x64 = Debug|x64
		Debug|x86 = Debug|x86
		Release|Any CPU = Release|Any CPU
		Release|x64 = Release|x64
		Release|x86 = Release|x86
	EndGlobalSection
	GlobalSection(ProjectConfigurationPlatforms) = postSolution
		{A6DC1E10-22CF-41E3-9268-E689268BD5EA}.Debug|Any CPU.ActiveCfg = Debug|Any CPU
		{A6DC1E10-22CF-41E3-9268-E689268BD5EA}.Debug|Any CPU.Build.0 = Debug|Any CPU
		{A6DC1E10-22CF-41E3-9268-E689268BD5EA}.Debug|x64.ActiveCfg = Debug|Any CPU
		{A6DC1E10-22CF-41E3-9268-E689268BD5EA}.Debug|x64.Build.0 = Debug|Any CPU
		{A6DC1E10-22CF-41E3-9268-E689268BD5EA}.Debug|x86.ActiveCfg = Debug|Any CPU
		{A6DC1E10-22CF-41E3-9268-E689268BD5EA}.Debug|x86.Build.0 = Debug|Any CPU
		{A6DC1E10-22CF-41E3-9268-E689268BD5EA}.Release|Any CPU.ActiveCfg = Release|Any CPU
		{A6DC1E10-22CF-41E3-9268-E689268BD5EA}.Release|Any CPU.Build.0 = Release|Any CPU
		{A6DC1E10-22CF-41E3-9268-E689268BD5EA}.Release|x64.ActiveCfg = Release|Any CPU
		{A6DC1E10-22CF-41E3-9268-E689268BD5EA}.Release|x64.Build.0 = Release|Any CPU
		{A6DC1E10-22CF-41E3-9268-E689268BD5EA}.Release|x86.ActiveCfg = Release|Any CPU
		{A6DC1E10-22CF-41E3-9268-E689268BD5EA}.Release|x86.Build.0 = Release|Any CPU
		{5DC27FE5-10F9-4426-9A85-8C3FE5CA44D0}.Debug|Any CPU.ActiveCfg = Debug|Any CPU
		{5DC27FE5-10F9-4426-9A85-8C3FE5CA44D0}.Debug|Any CPU.Build.0 = Debug|Any CPU
		{5DC27FE5-10F9-4426-9A85-8C3FE5CA44D0}.Debug|x64.ActiveCfg = Debug|Any CPU
		{5DC27FE5-10F9-4426-9A85-8C3FE5CA44D0}.Debug|x64.Build.0 = Debug|Any CPU
		{5DC27FE5-10F9-4426-9A85-8C3FE5CA44D0}.Debug|x86.ActiveCfg = Debug|Any CPU
		{5DC27FE5-10F9-4426-9A85-8C3FE5CA44D0}.Debug|x86.Build.0 = Debug|Any CPU
		{5DC27FE5-10F9-4426-9A85-8C3FE5CA44D0}.Release|Any CPU.ActiveCfg = Release|Any CPU
		{5DC27FE5-10F9-4426-9A85-8C3FE5CA44D0}.Release|Any CPU.Build.0 = Release|Any CPU
		{5DC27FE5-10F9-4426-9A85-8C3FE5CA44D0}.Release|x64.ActiveCfg = Release|Any CPU
		{5DC27FE5-10F9-4426-9A85-8C3FE5CA44D0}.Release|x64.Build.0 = Release|Any CPU
		{5DC27FE5-10F9-4426-9A85-8C3FE5CA44D0}.Release|x86.ActiveCfg = Release|Any CPU
		{5DC27FE5-10F9-4426-9A85-8C3FE5CA44D0}.Release|x86.Build.0 = Release|Any CPU
		{2D35A21E-5849-494A-91FE-A2E0DFF0CCAB}.Debug|Any CPU.ActiveCfg = Debug|Any CPU
		{2D35A21E-5849-494A-91FE-A2E0DFF0CCAB}.Debug|Any CPU.Build.0 = Debug|Any CPU
		{2D35A21E-5849-494A-91FE-A2E0DFF0CCAB}.Debug|x64.ActiveCfg = Debug|Any CPU
		{2D35A21E-5849-494A-91FE-A2E0DFF0CCAB}.Debug|x64.Build.0 = Debug|Any CPU
		{2D35A21E-5849-494A-91FE-A2E0DFF0CCAB}.Debug|x86.ActiveCfg = Debug|Any CPU
		{2D35A21E-5849-494A-91FE-A2E0DFF0CCAB}.Debug|x86.Build.0 = Debug|Any CPU
		{2D35A21E-5849-494A-91FE-A2E0DFF0CCAB}.Release|Any CPU.ActiveCfg = Release|Any CPU
		{2D35A21E-5849-494A-91FE-A2E0DFF0CCAB}.Release|Any CPU.Build.0 = Release|Any CPU
		{2D35A21E-5849-494A-91FE-A2E0DFF0CCAB}.Release|x64.ActiveCfg = Release|Any CPU
		{2D35A21E-5849-494A-91FE-A2E0DFF0CCAB}.Release|x64.Build.0 = Release|Any CPU
		{2D35A21E-5849-494A-91FE-A2E0DFF0CCAB}.Release|x86.ActiveCfg = Release|Any CPU
		{2D35A21E-5849-494A-91FE-A2E0DFF0CCAB}.Release|x86.Build.0 = Release|Any CPU
		{C28A59F9-B165-4987-9DF2-7712C2C378FD}.Debug|Any CPU.ActiveCfg = Debug|Any CPU
		{C28A59F9-B165-4987-9DF2-7712C2C378FD}.Debug|Any CPU.Build.0 = Debug|Any CPU
		{C28A59F9-B165-4987-9DF2-7712C2C378FD}.Debug|x64.ActiveCfg = Debug|Any CPU
		{C28A59F9-B165-4987-9DF2-7712C2C378FD}.Debug|x64.Build.0 = Debug|Any CPU
		{C28A59F9-B165-4987-9DF2-7712C2C378FD}.Debug|x86.ActiveCfg = Debug|Any CPU
		{C28A59F9-B165-4987-9DF2-7712C2C378FD}.Debug|x86.Build.0 = Debug|Any CPU
		{C28A59F9-B165-4987-9DF2-7712C2C378FD}.Release|Any CPU.ActiveCfg = Release|Any CPU
		{C28A59F9-B165-4987-9DF2-7712C2C378FD}.Release|Any CPU.Build.0 = Release|Any CPU
		{C28A59F9-B165-4987-9DF2-7712C2C378FD}.Release|x64.ActiveCfg = Release|Any CPU
		{C28A59F9-B165-4987-9DF2-7712C2C378FD}.Release|x64.Build.0 = Release|Any CPU
		{C28A59F9-B165-4987-9DF2-7712C2C378FD}.Release|x86.ActiveCfg = Release|Any CPU
		{C28A59F9-B165-4987-9DF2-7712C2C378FD}.Release|x86.Build.0 = Release|Any CPU
		{DCED11CE-BCEA-4758-8D84-3A0CC33DA496}.Debug|Any CPU.ActiveCfg = Debug|Any CPU
		{DCED11CE-BCEA-4758-8D84-3A0CC33DA496}.Debug|Any CPU.Build.0 = Debug|Any CPU
		{DCED11CE-BCEA-4758-8D84-3A0CC33DA496}.Debug|x64.ActiveCfg = Debug|Any CPU
		{DCED11CE-BCEA-4758-8D84-3A0CC33DA496}.Debug|x64.Build.0 = Debug|Any CPU
		{DCED11CE-BCEA-4758-8D84-3A0CC33DA496}.Debug|x86.ActiveCfg = Debug|Any CPU
		{DCED11CE-BCEA-4758-8D84-3A0CC33DA496}.Debug|x86.Build.0 = Debug|Any CPU
		{DCED11CE-BCEA-4758-8D84-3A0CC33DA496}.Release|Any CPU.ActiveCfg = Release|Any CPU
		{DCED11CE-BCEA-4758-8D84-3A0CC33DA496}.Release|Any CPU.Build.0 = Release|Any CPU
		{DCED11CE-BCEA-4758-8D84-3A0CC33DA496}.Release|x64.ActiveCfg = Release|Any CPU
		{DCED11CE-BCEA-4758-8D84-3A0CC33DA496}.Release|x64.Build.0 = Release|Any CPU
		{DCED11CE-BCEA-4758-8D84-3A0CC33DA496}.Release|x86.ActiveCfg = Release|Any CPU
		{DCED11CE-BCEA-4758-8D84-3A0CC33DA496}.Release|x86.Build.0 = Release|Any CPU
		{DE350582-3AA1-46F7-9B43-CFAED5E6508E}.Debug|Any CPU.ActiveCfg = Debug|Any CPU
		{DE350582-3AA1-46F7-9B43-CFAED5E6508E}.Debug|Any CPU.Build.0 = Debug|Any CPU
		{DE350582-3AA1-46F7-9B43-CFAED5E6508E}.Debug|x64.ActiveCfg = Debug|Any CPU
		{DE350582-3AA1-46F7-9B43-CFAED5E6508E}.Debug|x64.Build.0 = Debug|Any CPU
		{DE350582-3AA1-46F7-9B43-CFAED5E6508E}.Debug|x86.ActiveCfg = Debug|Any CPU
		{DE350582-3AA1-46F7-9B43-CFAED5E6508E}.Debug|x86.Build.0 = Debug|Any CPU
		{DE350582-3AA1-46F7-9B43-CFAED5E6508E}.Release|Any CPU.ActiveCfg = Release|Any CPU
		{DE350582-3AA1-46F7-9B43-CFAED5E6508E}.Release|Any CPU.Build.0 = Release|Any CPU
		{DE350582-3AA1-46F7-9B43-CFAED5E6508E}.Release|x64.ActiveCfg = Release|Any CPU
		{DE350582-3AA1-46F7-9B43-CFAED5E6508E}.Release|x64.Build.0 = Release|Any CPU
		{DE350582-3AA1-46F7-9B43-CFAED5E6508E}.Release|x86.ActiveCfg = Release|Any CPU
		{DE350582-3AA1-46F7-9B43-CFAED5E6508E}.Release|x86.Build.0 = Release|Any CPU
		{19F22814-5528-4821-80D6-74710F3712DA}.Debug|Any CPU.ActiveCfg = Debug|Any CPU
		{19F22814-5528-4821-80D6-74710F3712DA}.Debug|Any CPU.Build.0 = Debug|Any CPU
		{19F22814-5528-4821-80D6-74710F3712DA}.Debug|x64.ActiveCfg = Debug|Any CPU
		{19F22814-5528-4821-80D6-74710F3712DA}.Debug|x64.Build.0 = Debug|Any CPU
		{19F22814-5528-4821-80D6-74710F3712DA}.Debug|x86.ActiveCfg = Debug|Any CPU
		{19F22814-5528-4821-80D6-74710F3712DA}.Debug|x86.Build.0 = Debug|Any CPU
		{19F22814-5528-4821-80D6-74710F3712DA}.Release|Any CPU.ActiveCfg = Release|Any CPU
		{19F22814-5528-4821-80D6-74710F3712DA}.Release|Any CPU.Build.0 = Release|Any CPU
		{19F22814-5528-4821-80D6-74710F3712DA}.Release|x64.ActiveCfg = Release|Any CPU
		{19F22814-5528-4821-80D6-74710F3712DA}.Release|x64.Build.0 = Release|Any CPU
		{19F22814-5528-4821-80D6-74710F3712DA}.Release|x86.ActiveCfg = Release|Any CPU
		{19F22814-5528-4821-80D6-74710F3712DA}.Release|x86.Build.0 = Release|Any CPU
		{933893BA-9717-44BE-9CDA-EA998065F008}.Debug|Any CPU.ActiveCfg = Debug|Any CPU
		{933893BA-9717-44BE-9CDA-EA998065F008}.Debug|Any CPU.Build.0 = Debug|Any CPU
		{933893BA-9717-44BE-9CDA-EA998065F008}.Debug|x64.ActiveCfg = Debug|Any CPU
		{933893BA-9717-44BE-9CDA-EA998065F008}.Debug|x64.Build.0 = Debug|Any CPU
		{933893BA-9717-44BE-9CDA-EA998065F008}.Debug|x86.ActiveCfg = Debug|Any CPU
		{933893BA-9717-44BE-9CDA-EA998065F008}.Debug|x86.Build.0 = Debug|Any CPU
		{933893BA-9717-44BE-9CDA-EA998065F008}.Release|Any CPU.ActiveCfg = Release|Any CPU
		{933893BA-9717-44BE-9CDA-EA998065F008}.Release|Any CPU.Build.0 = Release|Any CPU
		{933893BA-9717-44BE-9CDA-EA998065F008}.Release|x64.ActiveCfg = Release|Any CPU
		{933893BA-9717-44BE-9CDA-EA998065F008}.Release|x64.Build.0 = Release|Any CPU
		{933893BA-9717-44BE-9CDA-EA998065F008}.Release|x86.ActiveCfg = Release|Any CPU
		{933893BA-9717-44BE-9CDA-EA998065F008}.Release|x86.Build.0 = Release|Any CPU
		{7ABC53C6-D71F-4C61-8E15-1328B2724F67}.Debug|Any CPU.ActiveCfg = Debug|Any CPU
		{7ABC53C6-D71F-4C61-8E15-1328B2724F67}.Debug|Any CPU.Build.0 = Debug|Any CPU
		{7ABC53C6-D71F-4C61-8E15-1328B2724F67}.Debug|x64.ActiveCfg = Debug|Any CPU
		{7ABC53C6-D71F-4C61-8E15-1328B2724F67}.Debug|x64.Build.0 = Debug|Any CPU
		{7ABC53C6-D71F-4C61-8E15-1328B2724F67}.Debug|x86.ActiveCfg = Debug|Any CPU
		{7ABC53C6-D71F-4C61-8E15-1328B2724F67}.Debug|x86.Build.0 = Debug|Any CPU
		{7ABC53C6-D71F-4C61-8E15-1328B2724F67}.Release|Any CPU.ActiveCfg = Release|Any CPU
		{7ABC53C6-D71F-4C61-8E15-1328B2724F67}.Release|Any CPU.Build.0 = Release|Any CPU
		{7ABC53C6-D71F-4C61-8E15-1328B2724F67}.Release|x64.ActiveCfg = Release|Any CPU
		{7ABC53C6-D71F-4C61-8E15-1328B2724F67}.Release|x64.Build.0 = Release|Any CPU
		{7ABC53C6-D71F-4C61-8E15-1328B2724F67}.Release|x86.ActiveCfg = Release|Any CPU
		{7ABC53C6-D71F-4C61-8E15-1328B2724F67}.Release|x86.Build.0 = Release|Any CPU
	EndGlobalSection
	GlobalSection(SolutionProperties) = preSolution
		HideSolutionNode = FALSE
	EndGlobalSection
	GlobalSection(NestedProjects) = preSolution
		{FE360695-3F2B-1049-3887-35FBB5135923} = {827E0CD3-B72D-47B6-A68D-7590B98EB39B}
		{A6DC1E10-22CF-41E3-9268-E689268BD5EA} = {FE360695-3F2B-1049-3887-35FBB5135923}
		{5DC27FE5-10F9-4426-9A85-8C3FE5CA44D0} = {FE360695-3F2B-1049-3887-35FBB5135923}
		{2D35A21E-5849-494A-91FE-A2E0DFF0CCAB} = {FE360695-3F2B-1049-3887-35FBB5135923}
		{C28A59F9-B165-4987-9DF2-7712C2C378FD} = {FE360695-3F2B-1049-3887-35FBB5135923}
		{DCED11CE-BCEA-4758-8D84-3A0CC33DA496} = {0AB3BF05-4346-4AA6-1389-037BE0695223}
		{DE350582-3AA1-46F7-9B43-CFAED5E6508E} = {0AB3BF05-4346-4AA6-1389-037BE0695223}
		{19F22814-5528-4821-80D6-74710F3712DA} = {0AB3BF05-4346-4AA6-1389-037BE0695223}
		{933893BA-9717-44BE-9CDA-EA998065F008} = {FE360695-3F2B-1049-3887-35FBB5135923}
		{7ABC53C6-D71F-4C61-8E15-1328B2724F67} = {0AB3BF05-4346-4AA6-1389-037BE0695223}
	EndGlobalSection
EndGlobal
